
Microsoft Visual Studio Solution File, Format Version 11.00
# Visual Studio 2010
Project("{2150E333-8FDC-42A3-9474-1A3956D46DE8}") = "Unfinished - experimental", "Unfinished - experimental", "{CD979A4C-ABA6-4E68-9351-CDC073F082CF}"
EndProject
Project("{8BC9CEB8-8B4A-11D0-8D11-00A0C91BC942}") = "FFGLStatic", "FFGLStatic.vcxproj", "{A8FB6D36-CFB9-439B-A439-24D6DD589F3F}"
EndProject
Project("{8BC9CEB8-8B4A-11D0-8D11-00A0C91BC942}") = "FFGLBarshift", "FFGLBarshift.vcxproj", "{8491D27E-C1C2-41D6-8DA2-EE5B22F3B9C1}"
EndProject
Project("{8BC9CEB8-8B4A-11D0-8D11-00A0C91BC942}") = "FFGLStopMotion", "FFGLStopMotion.vcxproj", "{F7A84E41-9A51-4EC0-BCC5-4120151BCDC9}"
EndProject
Project("{8BC9CEB8-8B4A-11D0-8D11-00A0C91BC942}") = "FFGLStatic-source", "FFGLStatic-source.vcxproj", "{0BB6E57B-D06E-49FB-AD7A-91EC1099076E}"
EndProject
Project("{8BC9CEB8-8B4A-11D0-8D11-00A0C91BC942}") = "FFGLStroboscope", "FFGLStroboscope.vcxproj", "{34F12E7F-2B7A-4EF2-83BC-B729AFA4E49B}"
EndProject
Project("{8BC9CEB8-8B4A-11D0-8D11-00A0C91BC942}") = "FFGLEdgeDetection", "FFGLEdgeDetection.vcxproj", "{AC2C27D9-3DB6-49A0-81D6-FC1E3FD8A0AE}"
EndProject
Project("{8BC9CEB8-8B4A-11D0-8D11-00A0C91BC942}") = "FFGLStroboscope-effect", "FFGLStroboscope-effect.vcxproj", "{F9440082-81E3-4412-A085-5EB34671DAD3}"
EndProject
Project("{8BC9CEB8-8B4A-11D0-8D11-00A0C91BC942}") = "FFGLWaveWarp", "FFGLWaveWarp.vcxproj", "{E49D198A-D27E-4930-AF40-BD0F90318B44}"
EndProject
Project("{8BC9CEB8-8B4A-11D0-8D11-00A0C91BC942}") = "FFGLChromaKey", "FFGLChromaKey.vcxproj", "{CF4EC8B8-22F1-41FF-B388-3BC33AF554E7}"
EndProject
Project("{8BC9CEB8-8B4A-11D0-8D11-00A0C91BC942}") = "FFGLPolarCoordinates", "FFGLPolarCoordinates.vcxproj", "{10594C4F-CA07-4113-8B7F-741FBBE46124}"
EndProject
Project("{8BC9CEB8-8B4A-11D0-8D11-00A0C91BC942}") = "FFGLMultiheadKeystoning", "FFGLMultiheadKeystoning.vcxproj", "{67466007-0916-4038-8105-79889D7930E7}"
EndProject
Global
	GlobalSection(SolutionConfigurationPlatforms) = preSolution
		Debug|Win32 = Debug|Win32
		FFGLSDK_Debug|Win32 = FFGLSDK_Debug|Win32
		Release|Win32 = Release|Win32
	EndGlobalSection
	GlobalSection(ProjectConfigurationPlatforms) = postSolution
		{A8FB6D36-CFB9-439B-A439-24D6DD589F3F}.Debug|Win32.ActiveCfg = Debug|Win32
		{A8FB6D36-CFB9-439B-A439-24D6DD589F3F}.Debug|Win32.Build.0 = Debug|Win32
		{A8FB6D36-CFB9-439B-A439-24D6DD589F3F}.FFGLSDK_Debug|Win32.ActiveCfg = FFGLSDK_Debug|Win32
		{A8FB6D36-CFB9-439B-A439-24D6DD589F3F}.FFGLSDK_Debug|Win32.Build.0 = FFGLSDK_Debug|Win32
		{A8FB6D36-CFB9-439B-A439-24D6DD589F3F}.Release|Win32.ActiveCfg = Release|Win32
		{A8FB6D36-CFB9-439B-A439-24D6DD589F3F}.Release|Win32.Build.0 = Release|Win32
		{8491D27E-C1C2-41D6-8DA2-EE5B22F3B9C1}.Debug|Win32.ActiveCfg = Debug|Win32
		{8491D27E-C1C2-41D6-8DA2-EE5B22F3B9C1}.Debug|Win32.Build.0 = Debug|Win32
		{8491D27E-C1C2-41D6-8DA2-EE5B22F3B9C1}.FFGLSDK_Debug|Win32.ActiveCfg = FFGLSDK_Debug|Win32
		{8491D27E-C1C2-41D6-8DA2-EE5B22F3B9C1}.FFGLSDK_Debug|Win32.Build.0 = FFGLSDK_Debug|Win32
		{8491D27E-C1C2-41D6-8DA2-EE5B22F3B9C1}.Release|Win32.ActiveCfg = Release|Win32
		{8491D27E-C1C2-41D6-8DA2-EE5B22F3B9C1}.Release|Win32.Build.0 = Release|Win32
		{F7A84E41-9A51-4EC0-BCC5-4120151BCDC9}.Debug|Win32.ActiveCfg = Debug|Win32
		{F7A84E41-9A51-4EC0-BCC5-4120151BCDC9}.Debug|Win32.Build.0 = Debug|Win32
		{F7A84E41-9A51-4EC0-BCC5-4120151BCDC9}.FFGLSDK_Debug|Win32.ActiveCfg = FFGLSDK_Debug|Win32
		{F7A84E41-9A51-4EC0-BCC5-4120151BCDC9}.FFGLSDK_Debug|Win32.Build.0 = FFGLSDK_Debug|Win32
		{F7A84E41-9A51-4EC0-BCC5-4120151BCDC9}.Release|Win32.ActiveCfg = Release|Win32
		{F7A84E41-9A51-4EC0-BCC5-4120151BCDC9}.Release|Win32.Build.0 = Release|Win32
		{0BB6E57B-D06E-49FB-AD7A-91EC1099076E}.Debug|Win32.ActiveCfg = Debug|Win32
		{0BB6E57B-D06E-49FB-AD7A-91EC1099076E}.Debug|Win32.Build.0 = Debug|Win32
		{0BB6E57B-D06E-49FB-AD7A-91EC1099076E}.FFGLSDK_Debug|Win32.ActiveCfg = FFGLSDK_Debug|Win32
		{0BB6E57B-D06E-49FB-AD7A-91EC1099076E}.FFGLSDK_Debug|Win32.Build.0 = FFGLSDK_Debug|Win32
		{0BB6E57B-D06E-49FB-AD7A-91EC1099076E}.Release|Win32.ActiveCfg = Release|Win32
		{0BB6E57B-D06E-49FB-AD7A-91EC1099076E}.Release|Win32.Build.0 = Release|Win32
		{34F12E7F-2B7A-4EF2-83BC-B729AFA4E49B}.Debug|Win32.ActiveCfg = Debug|Win32
		{34F12E7F-2B7A-4EF2-83BC-B729AFA4E49B}.Debug|Win32.Build.0 = Debug|Win32
		{34F12E7F-2B7A-4EF2-83BC-B729AFA4E49B}.FFGLSDK_Debug|Win32.ActiveCfg = FFGLSDK_Debug|Win32
		{34F12E7F-2B7A-4EF2-83BC-B729AFA4E49B}.FFGLSDK_Debug|Win32.Build.0 = FFGLSDK_Debug|Win32
		{34F12E7F-2B7A-4EF2-83BC-B729AFA4E49B}.Release|Win32.ActiveCfg = Release|Win32
		{34F12E7F-2B7A-4EF2-83BC-B729AFA4E49B}.Release|Win32.Build.0 = Release|Win32
		{AC2C27D9-3DB6-49A0-81D6-FC1E3FD8A0AE}.Debug|Win32.ActiveCfg = Debug|Win32
		{AC2C27D9-3DB6-49A0-81D6-FC1E3FD8A0AE}.Debug|Win32.Build.0 = Debug|Win32
		{AC2C27D9-3DB6-49A0-81D6-FC1E3FD8A0AE}.FFGLSDK_Debug|Win32.ActiveCfg = FFGLSDK_Debug|Win32
		{AC2C27D9-3DB6-49A0-81D6-FC1E3FD8A0AE}.FFGLSDK_Debug|Win32.Build.0 = FFGLSDK_Debug|Win32
		{AC2C27D9-3DB6-49A0-81D6-FC1E3FD8A0AE}.Release|Win32.ActiveCfg = Release|Win32
		{AC2C27D9-3DB6-49A0-81D6-FC1E3FD8A0AE}.Release|Win32.Build.0 = Release|Win32
		{F9440082-81E3-4412-A085-5EB34671DAD3}.Debug|Win32.ActiveCfg = Debug|Win32
		{F9440082-81E3-4412-A085-5EB34671DAD3}.Debug|Win32.Build.0 = Debug|Win32
		{F9440082-81E3-4412-A085-5EB34671DAD3}.FFGLSDK_Debug|Win32.ActiveCfg = FFGLSDK_Debug|Win32
		{F9440082-81E3-4412-A085-5EB34671DAD3}.FFGLSDK_Debug|Win32.Build.0 = FFGLSDK_Debug|Win32
		{F9440082-81E3-4412-A085-5EB34671DAD3}.Release|Win32.ActiveCfg = Release|Win32
		{F9440082-81E3-4412-A085-5EB34671DAD3}.Release|Win32.Build.0 = Release|Win32
		{E49D198A-D27E-4930-AF40-BD0F90318B44}.Debug|Win32.ActiveCfg = Debug|Win32
		{E49D198A-D27E-4930-AF40-BD0F90318B44}.Debug|Win32.Build.0 = Debug|Win32
		{E49D198A-D27E-4930-AF40-BD0F90318B44}.FFGLSDK_Debug|Win32.ActiveCfg = FFGLSDK_Debug|Win32
		{E49D198A-D27E-4930-AF40-BD0F90318B44}.FFGLSDK_Debug|Win32.Build.0 = FFGLSDK_Debug|Win32
		{E49D198A-D27E-4930-AF40-BD0F90318B44}.Release|Win32.ActiveCfg = Release|Win32
		{E49D198A-D27E-4930-AF40-BD0F90318B44}.Release|Win32.Build.0 = Release|Win32
		{CF4EC8B8-22F1-41FF-B388-3BC33AF554E7}.Debug|Win32.ActiveCfg = Debug|Win32
		{CF4EC8B8-22F1-41FF-B388-3BC33AF554E7}.Debug|Win32.Build.0 = Debug|Win32
		{CF4EC8B8-22F1-41FF-B388-3BC33AF554E7}.FFGLSDK_Debug|Win32.ActiveCfg = FFGLSDK_Debug|Win32
		{CF4EC8B8-22F1-41FF-B388-3BC33AF554E7}.FFGLSDK_Debug|Win32.Build.0 = FFGLSDK_Debug|Win32
		{CF4EC8B8-22F1-41FF-B388-3BC33AF554E7}.Release|Win32.ActiveCfg = Release|Win32
		{CF4EC8B8-22F1-41FF-B388-3BC33AF554E7}.Release|Win32.Build.0 = Release|Win32
		{10594C4F-CA07-4113-8B7F-741FBBE46124}.Debug|Win32.ActiveCfg = Debug|Win32
		{10594C4F-CA07-4113-8B7F-741FBBE46124}.Debug|Win32.Build.0 = Debug|Win32
		{10594C4F-CA07-4113-8B7F-741FBBE46124}.FFGLSDK_Debug|Win32.ActiveCfg = FFGLSDK_Debug|Win32
		{10594C4F-CA07-4113-8B7F-741FBBE46124}.FFGLSDK_Debug|Win32.Build.0 = FFGLSDK_Debug|Win32
		{10594C4F-CA07-4113-8B7F-741FBBE46124}.Release|Win32.ActiveCfg = Release|Win32
		{10594C4F-CA07-4113-8B7F-741FBBE46124}.Release|Win32.Build.0 = Release|Win32
		{67466007-0916-4038-8105-79889D7930E7}.Debug|Win32.ActiveCfg = Debug|Win32
		{67466007-0916-4038-8105-79889D7930E7}.Debug|Win32.Build.0 = Debug|Win32
		{67466007-0916-4038-8105-79889D7930E7}.FFGLSDK_Debug|Win32.ActiveCfg = FFGLSDK_Debug|Win32
		{67466007-0916-4038-8105-79889D7930E7}.FFGLSDK_Debug|Win32.Build.0 = FFGLSDK_Debug|Win32
		{67466007-0916-4038-8105-79889D7930E7}.Release|Win32.ActiveCfg = Release|Win32
		{67466007-0916-4038-8105-79889D7930E7}.Release|Win32.Build.0 = Release|Win32
	EndGlobalSection
	GlobalSection(SolutionProperties) = preSolution
		HideSolutionNode = FALSE
	EndGlobalSection
	GlobalSection(NestedProjects) = preSolution
		{10594C4F-CA07-4113-8B7F-741FBBE46124} = {CD979A4C-ABA6-4E68-9351-CDC073F082CF}
		{67466007-0916-4038-8105-79889D7930E7} = {CD979A4C-ABA6-4E68-9351-CDC073F082CF}
	EndGlobalSection
EndGlobal
